
Microsoft Visual Studio Solution File, Format Version 12.00
# Visual Studio Version 17
VisualStudioVersion = 17.3.32922.545
MinimumVisualStudioVersion = 10.0.40219.1
Project("{FAE04EC0-301F-11D3-BF4B-00C04F79EFBC}") = "BackEndApi", "BackEndApi\BackEndApi.csproj", "{22AB58F2-7D29-4E12-869C-3DD8FC55A9EC}"
EndProject
Global
	GlobalSection(SolutionConfigurationPlatforms) = preSolution
		Debug|Any CPU = Debug|Any CPU
		Release|Any CPU = Release|Any CPU
	EndGlobalSection
	GlobalSection(ProjectConfigurationPlatforms) = postSolution
		{22AB58F2-7D29-4E12-869C-3DD8FC55A9EC}.Debug|Any CPU.ActiveCfg = Debug|Any CPU
		{22AB58F2-7D29-4E12-869C-3DD8FC55A9EC}.Debug|Any CPU.Build.0 = Debug|Any CPU
		{22AB58F2-7D29-4E12-869C-3DD8FC55A9EC}.Release|Any CPU.ActiveCfg = Release|Any CPU
		{22AB58F2-7D29-4E12-869C-3DD8FC55A9EC}.Release|Any CPU.Build.0 = Release|Any CPU
	EndGlobalSection
	GlobalSection(SolutionProperties) = preSolution
		HideSolutionNode = FALSE
	EndGlobalSection
	GlobalSection(ExtensibilityGlobals) = postSolution
		SolutionGuid = {7ABD816C-7AB0-416C-9A50-E77D1DE6FA45}
	EndGlobalSection
EndGlobal
